
Microsoft Visual Studio Solution File, Format Version 12.00
# Visual Studio Version 16
VisualStudioVersion = 16.0.35325.158
MinimumVisualStudioVersion = 10.0.40219.1
Project("{FAE04EC0-301F-11D3-BF4B-00C04F79EFBC}") = "WBIScience", "WBIScience.csproj", "{CCA4CC8E-ADB8-4572-8B65-AD67ECF48E5F}"
EndProject
Project("{FAE04EC0-301F-11D3-BF4B-00C04F79EFBC}") = "WBIResources", "..\..\..\WBIResources\Source\WBIResources.csproj", "{9E6C131F-3161-486A-84F3-9F16768B4D4B}"
EndProject
Global
	GlobalSection(SolutionConfigurationPlatforms) = preSolution
		Debug|Any CPU = Debug|Any CPU
		Release|Any CPU = Release|Any CPU
	EndGlobalSection
	GlobalSection(ProjectConfigurationPlatforms) = postSolution
		{CCA4CC8E-ADB8-4572-8B65-AD67ECF48E5F}.Debug|Any CPU.ActiveCfg = Debug|Any CPU
		{CCA4CC8E-ADB8-4572-8B65-AD67ECF48E5F}.Debug|Any CPU.Build.0 = Debug|Any CPU
		{CCA4CC8E-ADB8-4572-8B65-AD67ECF48E5F}.Release|Any CPU.ActiveCfg = Release|Any CPU
		{CCA4CC8E-ADB8-4572-8B65-AD67ECF48E5F}.Release|Any CPU.Build.0 = Release|Any CPU
		{9E6C131F-3161-486A-84F3-9F16768B4D4B}.Debug|Any CPU.ActiveCfg = Debug|Any CPU
		{9E6C131F-3161-486A-84F3-9F16768B4D4B}.Debug|Any CPU.Build.0 = Debug|Any CPU
		{9E6C131F-3161-486A-84F3-9F16768B4D4B}.Release|Any CPU.ActiveCfg = Release|Any CPU
		{9E6C131F-3161-486A-84F3-9F16768B4D4B}.Release|Any CPU.Build.0 = Release|Any CPU
	EndGlobalSection
	GlobalSection(SolutionProperties) = preSolution
		HideSolutionNode = FALSE
	EndGlobalSection
	GlobalSection(ExtensibilityGlobals) = postSolution
		SolutionGuid = {1B1BFB53-A0B3-4964-BC89-3C7EF0AF6BCE}
	EndGlobalSection
EndGlobal
